
Microsoft Visual Studio Solution File, Format Version 12.00
# Visual Studio 15
VisualStudioVersion = 15.0.28010.2050
MinimumVisualStudioVersion = 10.0.40219.1
Project("{FAE04EC0-301F-11D3-BF4B-00C04F79EFBC}") = "ServerFiles", "ServerFiles\ServerFiles.csproj", "{EA8460F4-E34E-4719-B653-98B54A6CA8E7}"
EndProject
Global
	GlobalSection(SolutionConfigurationPlatforms) = preSolution
		Debug|Any CPU = Debug|Any CPU
		Release|Any CPU = Release|Any CPU
	EndGlobalSection
	GlobalSection(ProjectConfigurationPlatforms) = postSolution
		{EA8460F4-E34E-4719-B653-98B54A6CA8E7}.Debug|Any CPU.ActiveCfg = Debug|Any CPU
		{EA8460F4-E34E-4719-B653-98B54A6CA8E7}.Debug|Any CPU.Build.0 = Debug|Any CPU
		{EA8460F4-E34E-4719-B653-98B54A6CA8E7}.Release|Any CPU.ActiveCfg = Release|Any CPU
		{EA8460F4-E34E-4719-B653-98B54A6CA8E7}.Release|Any CPU.Build.0 = Release|Any CPU
	EndGlobalSection
	GlobalSection(SolutionProperties) = preSolution
		HideSolutionNode = FALSE
	EndGlobalSection
	GlobalSection(ExtensibilityGlobals) = postSolution
		SolutionGuid = {1CBBF2DA-10E0-4E36-81DB-44881A1AC3E8}
	EndGlobalSection
EndGlobal
